
Microsoft Visual Studio Solution File, Format Version 12.00
# Visual Studio 15
VisualStudioVersion = 15.0.27004.2002
MinimumVisualStudioVersion = 10.0.40219.1
Project("{FAE04EC0-301F-11D3-BF4B-00C04F79EFBC}") = "ElevenNote", "ElevenNote\ElevenNote.csproj", "{7C2A2816-044D-4913-96C8-4D777DE8AE26}"
EndProject
Global
	GlobalSection(SolutionConfigurationPlatforms) = preSolution
		Debug|Any CPU = Debug|Any CPU
		Release|Any CPU = Release|Any CPU
	EndGlobalSection
	GlobalSection(ProjectConfigurationPlatforms) = postSolution
		{7C2A2816-044D-4913-96C8-4D777DE8AE26}.Debug|Any CPU.ActiveCfg = Debug|Any CPU
		{7C2A2816-044D-4913-96C8-4D777DE8AE26}.Debug|Any CPU.Build.0 = Debug|Any CPU
		{7C2A2816-044D-4913-96C8-4D777DE8AE26}.Release|Any CPU.ActiveCfg = Release|Any CPU
		{7C2A2816-044D-4913-96C8-4D777DE8AE26}.Release|Any CPU.Build.0 = Release|Any CPU
	EndGlobalSection
	GlobalSection(SolutionProperties) = preSolution
		HideSolutionNode = FALSE
	EndGlobalSection
	GlobalSection(ExtensibilityGlobals) = postSolution
		SolutionGuid = {8B516700-B97B-4B7A-8A68-1AA9D5F2AC72}
	EndGlobalSection
EndGlobal
